// !$*UTF8*$!
{
	archiveVersion = 1;
	classes = {
	};
	objectVersion = 50;
	objects = {

/* Begin PBXBuildFile section */
		8D6D11DF2717F06B000C0BED /* AppDelegate.swift in Sources */ = {isa = PBXBuildFile; fileRef = 8D6D11DE2717F06B000C0BED /* AppDelegate.swift */; };
		8D6D11E12717F06B000C0BED /* SceneDelegate.swift in Sources */ = {isa = PBXBuildFile; fileRef = 8D6D11E02717F06B000C0BED /* SceneDelegate.swift */; };
		8D6D11E32717F06B000C0BED /* ViewController.swift in Sources */ = {isa = PBXBuildFile; fileRef = 8D6D11E22717F06B000C0BED /* ViewController.swift */; };
		8D6D11E62717F06B000C0BED /* Main.storyboard in Resources */ = {isa = PBXBuildFile; fileRef = 8D6D11E42717F06B000C0BED /* Main.storyboard */; };
		8D6D11E82717F074000C0BED /* Assets.xcassets in Resources */ = {isa = PBXBuildFile; fileRef = 8D6D11E72717F074000C0BED /* Assets.xcassets */; };
		8D6D11EB2717F074000C0BED /* LaunchScreen.storyboard in Resources */ = {isa = PBXBuildFile; fileRef = 8D6D11E92717F074000C0BED /* LaunchScreen.storyboard */; };
/* End PBXBuildFile section */

/* Begin PBXFileReference section */
		8D6D11DB2717F06B000C0BED /* TestScrollView2.app */ = {isa = PBXFileReference; explicitFileType = wrapper.application; includeInIndex = 0; path = TestScrollView2.app; sourceTree = BUILT_PRODUCTS_DIR; };
		8D6D11DE2717F06B000C0BED /* AppDelegate.swift */ = {isa = PBXFileReference; lastKnownFileType = sourcecode.swift; path = AppDelegate.swift; sourceTree = "<group>"; };
		8D6D11E02717F06B000C0BED /* SceneDelegate.swift */ = {isa = PBXFileReference; lastKnownFileType = sourcecode.swift; path = SceneDelegate.swift; sourceTree = "<group>"; };
		8D6D11E22717F06B000C0BED /* ViewController.swift */ = {isa = PBXFileReference; lastKnownFileType = sourcecode.swift; path = ViewController.swift; sourceTree = "<group>"; };
		8D6D11E52717F06B000C0BED /* Base */ = {isa = PBXFileReference; lastKnownFileType = file.storyboard; name = Base; path = Base.lproj/Main.storyboard; sourceTree = "<group>"; };
		8D6D11E72717F074000C0BED /* Assets.xcassets */ = {isa = PBXFileReference; lastKnownFileType = folder.assetcatalog; path = Assets.xcassets; sourceTree = "<group>"; };
		8D6D11EA2717F074000C0BED /* Base */ = {isa = PBXFileReference; lastKnownFileType = file.storyboard; name = Base; path = Base.lproj/LaunchScreen.storyboard; sourceTree = "<group>"; };
		8D6D11EC2717F074000C0BED /* Info.plist */ = {isa = PBXFileReference; lastKnownFileType = text.plist.xml; path = Info.plist; sourceTree = "<group>"; };
/* End PBXFileReference section */

/* Begin PBXFrameworksBuildPhase section */
		8D6D11D82717F06B000C0BED /* Frameworks */ = {
			isa = PBXFrameworksBuildPhase;
			buildActionMask = 2147483647;
			files = (
			);
			runOnlyForDeploymentPostprocessing = 0;
		};
/* End PBXFrameworksBuildPhase section */

/* Begin PBXGroup section */
		8D6D11D22717F06B000C0BED = {
			isa = PBXGroup;
			children = (
				8D6D11DD2717F06B000C0BED /* TestScrollView2 */,
				8D6D11DC2717F06B000C0BED /* Products */,
			);
			sourceTree = "<group>";
		};
		8D6D11DC2717F06B000C0BED /* Products */ = {
			isa = PBXGroup;
			children = (
				8D6D11DB2717F06B000C0BED /* TestScrollView2.app */,
			);
			name = Products;
			sourceTree = "<group>";
		};
		8D6D11DD2717F06B000C0BED /* TestScrollView2 */ = {
			isa = PBXGroup;
			children = (
				8D6D11DE2717F06B000C0BED /* AppDelegate.swift */,
				8D6D11E02717F06B000C0BED /* SceneDelegate.swift */,
				8D6D11E22717F06B000C0BED /* ViewController.swift */,
				8D6D11E42717F06B000C0BED /* Main.storyboard */,
				8D6D11E72717F074000C0BED /* Assets.xcassets */,
				8D6D11E92717F074000C0BED /* LaunchScreen.storyboard */,
				8D6D11EC2717F074000C0BED /* Info.plist */,
			);
			path = TestScrollView2;
			sourceTree = "<group>";
		};
/* End PBXGroup section */

/* Begin PBXNativeTarget section */
		8D6D11DA2717F06B000C0BED /* TestScrollView2 */ = {
			isa = PBXNativeTarget;
			buildConfigurationList = 8D6D11EF2717F074000C0BED /* Build configuration list for PBXNativeTarget "TestScrollView2" */;
			buildPhases = (
				8D6D11D72717F06B000C0BED /* Sources */,
				8D6D11D82717F06B000C0BED /* Frameworks */,
				8D6D11D92717F06B000C0BED /* Resources */,
			);
			buildRules = (
			);
			dependencies = (
			);
			name = TestScrollView2;
			productName = TestScrollView2;
			productReference = 8D6D11DB2717F06B000C0BED /* TestScrollView2.app */;
			productType = "com.apple.product-type.application";
		};
/* End PBXNativeTarget section */

/* Begin PBXProject section */
		8D6D11D32717F06B000C0BED /* Project object */ = {
			isa = PBXProject;
			attributes = {
				LastSwiftUpdateCheck = 1240;
				LastUpgradeCheck = 1240;
				TargetAttributes = {
					8D6D11DA2717F06B000C0BED = {
						CreatedOnToolsVersion = 12.4;
					};
				};
			};
			buildConfigurationList = 8D6D11D62717F06B000C0BED /* Build configuration list for PBXProject "TestScrollView2" */;
			compatibilityVersion = "Xcode 9.3";
			developmentRegion = en;
			hasScannedForEncodings = 0;
			knownRegions = (
				en,
				Base,
			);
			mainGroup = 8D6D11D22717F06B000C0BED;
			productRefGroup = 8D6D11DC2717F06B000C0BED /* Products */;
			projectDirPath = "";
			projectRoot = "";
			targets = (
				8D6D11DA2717F06B000C0BED /* TestScrollView2 */,
			);
		};
/* End PBXProject section */

/* Begin PBXResourcesBuildPhase section */
		8D6D11D92717F06B000C0BED /* Resources */ = {
			isa = PBXResourcesBuildPhase;
			buildActionMask = 2147483647;
			files = (
				8D6D11EB2717F074000C0BED /* LaunchScreen.storyboard in Resources */,
				8D6D11E82717F074000C0BED /* Assets.xcassets in Resources */,
				8D6D11E62717F06B000C0BED /* Main.storyboard in Resources */,
			);
			runOnlyForDeploymentPostprocessing = 0;
		};
/* End PBXResourcesBuildPhase section */

/* Begin PBXSourcesBuildPhase section */
		8D6D11D72717F06B000C0BED /* Sources */ = {
			isa = PBXSourcesBuildPhase;
			buildActionMask = 2147483647;
			files = (
				8D6D11E32717F06B000C0BED /* ViewController.swift in Sources */,
				8D6D11DF2717F06B000C0BED /* AppDelegate.swift in Sources */,
				8D6D11E12717F06B000C0BED /* SceneDelegate.swift in Sources */,
			);
			runOnlyForDeploymentPostprocessing = 0;
		};
/* End PBXSourcesBuildPhase section */

/* Begin PBXVariantGroup section */
		8D6D11E42717F06B000C0BED /* Main.storyboard */ = {
			isa = PBXVariantGroup;
			children = (
				8D6D11E52717F06B000C0BED /* Base */,
			);
			name = Main.storyboard;
			sourceTree = "<group>";
		};
		8D6D11E92717F074000C0BED /* LaunchScreen.storyboard */ = {
			isa = PBXVariantGroup;
			children = (
				8D6D11EA2717F074000C0BED /* Base */,
			);
			name = LaunchScreen.storyboard;
			sourceTree = "<group>";
		};
/* End PBXVariantGroup section */

/* Begin XCBuildConfiguration section */
		8D6D11ED2717F074000C0BED /* Debug */ = {
			isa = XCBuildConfiguration;
			buildSettings = {
				ALWAYS_SEARCH_USER_PATHS = NO;
				CLANG_ANALYZER_NONNULL = YES;
				CLANG_ANALYZER_NUMBER_OBJECT_CONVERSION = YES_AGGRESSIVE;
				CLANG_CXX_LANGUAGE_STANDARD = "gnu++14";
				CLANG_CXX_LIBRARY = "libc++";
				CLANG_ENABLE_MODULES = YES;
				CLANG_ENABLE_OBJC_ARC = YES;
				CLANG_ENABLE_OBJC_WEAK = YES;
				CLANG_WARN_BLOCK_CAPTURE_AUTORELEASING = YES;
				CLANG_WARN_BOOL_CONVERSION = YES;
				CLANG_WARN_COMMA = YES;
				CLANG_WARN_CONSTANT_CONVERSION = YES;
				CLANG_WARN_DEPRECATED_OBJC_IMPLEMENTATIONS = YES;
				CLANG_WARN_DIRECT_OBJC_ISA_USAGE = YES_ERROR;
				CLANG_WARN_DOCUMENTATION_COMMENTS = YES;
				CLANG_WARN_EMPTY_BODY = YES;
				CLANG_WARN_ENUM_CONVERSION = YES;
				CLANG_WARN_INFINITE_RECURSION = YES;
				CLANG_WARN_INT_CONVERSION = YES;
				CLANG_WARN_NON_LITERAL_NULL_CONVERSION = YES;
				CLANG_WARN_OBJC_IMPLICIT_RETAIN_SELF = YES;
				CLANG_WARN_OBJC_LITERAL_CONVERSION = YES;
				CLANG_WARN_OBJC_ROOT_CLASS = YES_ERROR;
				CLANG_WARN_QUOTED_INCLUDE_IN_FRAMEWORK_HEADER = YES;
				CLANG_WARN_RANGE_LOOP_ANALYSIS = YES;
				CLANG_WARN_STRICT_PROTOTYPES = YES;
				CLANG_WARN_SUSPICIOUS_MOVE = YES;
				CLANG_WARN_UNGUARDED_AVAILABILITY = YES_AGGRESSIVE;
				CLANG_WARN_UNREACHABLE_CODE = YES;
				CLANG_WARN__DUPLICATE_METHOD_MATCH = YES;
				COPY_PHASE_STRIP = NO;
				DEBUG_INFORMATION_FORMAT = dwarf;
				ENABLE_STRICT_OBJC_MSGSEND = YES;
				ENABLE_TESTABILITY = YES;
				GCC_C_LANGUAGE_STANDARD = gnu11;
				GCC_DYNAMIC_NO_PIC = NO;
				GCC_NO_COMMON_BLOCKS = YES;
				GCC_OPTIMIZATION_LEVEL = 0;
				GCC_PREPROCESSOR_DEFINITIONS = (
					"DEBUG=1",
					"$(inherited)",
				);
				GCC_WARN_64_TO_32_BIT_CONVERSION = YES;
				GCC_WARN_ABOUT_RETURN_TYPE = YES_ERROR;
				GCC_WARN_UNDECLARED_SELECTOR = YES;
				GCC_WARN_UNINITIALIZED_AUTOS = YES_AGGRESSIVE;
				GCC_WARN_UNUSED_FUNCTION = YES;
				GCC_WARN_UNUSED_VARIABLE = YES;
				IPHONEOS_DEPLOYMENT_TARGET = 14.4;
				MTL_ENABLE_DEBUG_INFO = INCLUDE_SOURCE;
				MTL_FAST_MATH = YES;
				ONLY_ACTIVE_ARCH = YES;
				SDKROOT = iphoneos;
				SWIFT_ACTIVE_COMPILATION_CONDITIONS = DEBUG;
				SWIFT_OPTIMIZATION_LEVEL = "-Onone";
			};
			name = Debug;
		};
		8D6D11EE2717F074000C0BED /* Release */ = {
			isa = XCBuildConfiguration;
			buildSettings = {
				ALWAYS_SEARCH_USER_PATHS = NO;
				CLANG_ANALYZER_NONNULL = YES;
				CLANG_ANALYZER_NUMBER_OBJECT_CONVERSION = YES_AGGRESSIVE;
				CLANG_CXX_LANGUAGE_STANDARD = "gnu++14";
				CLANG_CXX_LIBRARY = "libc++";
				CLANG_ENABLE_MODULES = YES;
				CLANG_ENABLE_OBJC_ARC = YES;
				CLANG_ENABLE_OBJC_WEAK = YES;
				CLANG_WARN_BLOCK_CAPTURE_AUTORELEASING = YES;
				CLANG_WARN_BOOL_CONVERSION = YES;
				CLANG_WARN_COMMA = YES;
				CLANG_WARN_CONSTANT_CONVERSION = YES;
				CLANG_WARN_DEPRECATED_OBJC_IMPLEMENTATIONS = YES;
				CLANG_WARN_DIRECT_OBJC_ISA_USAGE = YES_ERROR;
				CLANG_WARN_DOCUMENTATION_COMMENTS = YES;
				CLANG_WARN_EMPTY_BODY = YES;
				CLANG_WARN_ENUM_CONVERSION = YES;
				CLANG_WARN_INFINITE_RECURSION = YES;
				CLANG_WARN_INT_CONVERSION = YES;
				CLANG_WARN_NON_LITERAL_NULL_CONVERSION = YES;
				CLANG_WARN_OBJC_IMPLICIT_RETAIN_SELF = YES;
				CLANG_WARN_OBJC_LITERAL_CONVERSION = YES;
				CLANG_WARN_OBJC_ROOT_CLASS = YES_ERROR;
				CLANG_WARN_QUOTED_INCLUDE_IN_FRAMEWORK_HEADER = YES;
				CLANG_WARN_RANGE_LOOP_ANALYSIS = YES;
				CLANG_WARN_STRICT_PROTOTYPES = YES;
				CLANG_WARN_SUSPICIOUS_MOVE = YES;
				CLANG_WARN_UNGUARDED_AVAILABILITY = YES_AGGRESSIVE;
				CLANG_WARN_UNREACHABLE_CODE = YES;
				CLANG_WARN__DUPLICATE_METHOD_MATCH = YES;
				COPY_PHASE_STRIP = NO;
				DEBUG_INFORMATION_FORMAT = "dwarf-with-dsym";
				ENABLE_NS_ASSERTIONS = NO;
				ENABLE_STRICT_OBJC_MSGSEND = YES;
				GCC_C_LANGUAGE_STANDARD = gnu11;
				GCC_NO_COMMON_BLOCKS = YES;
				GCC_WARN_64_TO_32_BIT_CONVERSION = YES;
				GCC_WARN_ABOUT_RETURN_TYPE = YES_ERROR;
				GCC_WARN_UNDECLARED_SELECTOR = YES;
				GCC_WARN_UNINITIALIZED_AUTOS = YES_AGGRESSIVE;
				GCC_WARN_UNUSED_FUNCTION = YES;
				GCC_WARN_UNUSED_VARIABLE = YES;
				IPHONEOS_DEPLOYMENT_TARGET = 14.4;
				MTL_ENABLE_DEBUG_INFO = NO;
				MTL_FAST_MATH = YES;
				SDKROOT = iphoneos;
				SWIFT_COMPILATION_MODE = wholemodule;
				SWIFT_OPTIMIZATION_LEVEL = "-O";
				VALIDATE_PRODUCT = YES;
			};
			name = Release;
		};
		8D6D11F02717F074000C0BED /* Debug */ = {
			isa = XCBuildConfiguration;
			buildSettings = {
				ASSETCATALOG_COMPILER_APPICON_NAME = AppIcon;
				ASSETCATALOG_COMPILER_GLOBAL_ACCENT_COLOR_NAME = AccentColor;
				CODE_SIGN_STYLE = Automatic;
				INFOPLIST_FILE = TestScrollView2/Info.plist;
				LD_RUNPATH_SEARCH_PATHS = (
					"$(inherited)",
					"@executable_path/Frameworks",
				);
				PRODUCT_BUNDLE_IDENTIFIER = mx.tec.tc2007b.lab.TestScrollView2;
				PRODUCT_NAME = "$(TARGET_NAME)";
				SWIFT_VERSION = 5.0;
				TARGETED_DEVICE_FAMILY = "1,2";
			};
			name = Debug;
		};
		8D6D11F12717F074000C0BED /* Release */ = {
			isa = XCBuildConfiguration;
			buildSettings = {
				ASSETCATALOG_COMPILER_APPICON_NAME = AppIcon;
				ASSETCATALOG_COMPILER_GLOBAL_ACCENT_COLOR_NAME = AccentColor;
				CODE_SIGN_STYLE = Automatic;
				INFOPLIST_FILE = TestScrollView2/Info.plist;
				LD_RUNPATH_SEARCH_PATHS = (
					"$(inherited)",
					"@executable_path/Frameworks",
				);
				PRODUCT_BUNDLE_IDENTIFIER = mx.tec.tc2007b.lab.TestScrollView2;
				PRODUCT_NAME = "$(TARGET_NAME)";
				SWIFT_VERSION = 5.0;
				TARGETED_DEVICE_FAMILY = "1,2";
			};
			name = Release;
		};
/* End XCBuildConfiguration section */

/* Begin XCConfigurationList section */
		8D6D11D62717F06B000C0BED /* Build configuration list for PBXProject "TestScrollView2" */ = {
			isa = XCConfigurationList;
			buildConfigurations = (
				8D6D11ED2717F074000C0BED /* Debug */,
				8D6D11EE2717F074000C0BED /* Release */,
			);
			defaultConfigurationIsVisible = 0;
			defaultConfigurationName = Release;
		};
		8D6D11EF2717F074000C0BED /* Build configuration list for PBXNativeTarget "TestScrollView2" */ = {
			isa = XCConfigurationList;
			buildConfigurations = (
				8D6D11F02717F074000C0BED /* Debug */,
				8D6D11F12717F074000C0BED /* Release */,
			);
			defaultConfigurationIsVisible = 0;
			defaultConfigurationName = Release;
		};
/* End XCConfigurationList section */
	};
	rootObject = 8D6D11D32717F06B000C0BED /* Project object */;
}
